# This file is automatically @generated by Cargo.
# It is not intended for manual editing.
version = 4

[[package]]
name = "equation-ast"
version = "0.1.0"
dependencies = [
 "pratt-parser",
]

[[package]]
name = "pratt-parser"
version = "0.1.0"
source = "git+https://github.com/MarcoAdami/Pratt-Parser-Rust#19b9e61c01581e0b10fbf76c4bbee9344c6afd06"
